
Microsoft Visual Studio Solution File, Format Version 12.00
# Visual Studio Version 17
VisualStudioVersion = 17.10.34916.146
MinimumVisualStudioVersion = 10.0.40219.1
Project("{FAE04EC0-301F-11D3-BF4B-00C04F79EFBC}") = "CPJ-Universal", "CPJ-Universal.csproj", "{F5B16751-95FA-49CB-AD61-7F11DF6E38BD}"
EndProject
Project("{54435603-DBB4-11D2-8724-00A0C9A8B90C}") = "Setup-CPJ-Universal", "..\Setup-CPJ-Universal\Setup-CPJ-Universal.vdproj", "{72A51023-8959-4FDE-A7B3-C109ADC564F8}"
EndProject
Global
	GlobalSection(SolutionConfigurationPlatforms) = preSolution
		Debug|Any CPU = Debug|Any CPU
		Release|Any CPU = Release|Any CPU
	EndGlobalSection
	GlobalSection(ProjectConfigurationPlatforms) = postSolution
		{F5B16751-95FA-49CB-AD61-7F11DF6E38BD}.Debug|Any CPU.ActiveCfg = Debug|Any CPU
		{F5B16751-95FA-49CB-AD61-7F11DF6E38BD}.Debug|Any CPU.Build.0 = Debug|Any CPU
		{F5B16751-95FA-49CB-AD61-7F11DF6E38BD}.Release|Any CPU.ActiveCfg = Release|Any CPU
		{F5B16751-95FA-49CB-AD61-7F11DF6E38BD}.Release|Any CPU.Build.0 = Release|Any CPU
		{72A51023-8959-4FDE-A7B3-C109ADC564F8}.Debug|Any CPU.ActiveCfg = Debug
		{72A51023-8959-4FDE-A7B3-C109ADC564F8}.Release|Any CPU.ActiveCfg = Release
	EndGlobalSection
	GlobalSection(SolutionProperties) = preSolution
		HideSolutionNode = FALSE
	EndGlobalSection
	GlobalSection(ExtensibilityGlobals) = postSolution
		SolutionGuid = {A9E79816-EEAC-43D5-8F21-1BD07DAA2FBF}
	EndGlobalSection
EndGlobal
